{
  "version": 4,
  "terraform_version": "1.14.3",
  "serial": 122,
  "lineage": "48ccd4c4-dafc-0f35-2718-b858b0d81151",
  "outputs": {
    "cluster_endpoint": {
      "value": "localhost",
      "type": "string"
    }
  },
  "resources": [
    {
      "module": "module.auth_service",
      "mode": "managed",
      "type": "helm_release",
      "name": "auth_service",
      "provider": "provider[\"registry.terraform.io/hashicorp/helm\"]",
      "instances": [
        {
          "schema_version": 1,
          "attributes": {
            "atomic": true,
            "chart": "../../helm-charts/auth-service",
            "cleanup_on_fail": true,
            "create_namespace": true,
            "dependency_update": false,
            "description": null,
            "devel": null,
            "disable_crd_hooks": false,
            "disable_openapi_validation": false,
            "disable_webhooks": false,
            "force_update": false,
            "id": "auth-service",
            "keyring": null,
            "lint": false,
            "manifest": null,
            "max_history": 0,
            "metadata": [
              {
                "app_version": "1.0",
                "chart": "auth-service",
                "first_deployed": 1769796283,
                "last_deployed": 1769796283,
                "name": "auth-service",
                "namespace": "petlinks-dev",
                "notes": "",
                "revision": 1,
                "values": "{\"env\":{\"APP_PORT\":\"4102\",\"DB_HOST\":\"postgresql.postgresql.svc.cluster.local\",\"DB_NAME\":\"auth_db\",\"DB_PASSWORD\":\"PeTL!nk@2025$P@ss\",\"DB_PORT\":\"5432\",\"DB_SSLMODE\":\"disable\",\"DB_USER\":\"thepetlinks\"},\"image\":{\"pullPolicy\":\"IfNotPresent\",\"repository\":\"auth-service\",\"tag\":\"latest\"}}",
                "version": "1.0.0"
              }
            ],
            "name": "auth-service",
            "namespace": "petlinks-dev",
            "pass_credentials": false,
            "postrender": [],
            "recreate_pods": false,
            "render_subchart_notes": true,
            "replace": false,
            "repository": null,
            "repository_ca_file": null,
            "repository_cert_file": null,
            "repository_key_file": null,
            "repository_password": null,
            "repository_username": null,
            "reset_values": false,
            "reuse_values": false,
            "set": [],
            "set_list": [],
            "set_sensitive": [],
            "skip_crds": false,
            "status": "deployed",
            "timeout": 300,
            "values": [
              "image:\r\n  repository: \"auth-service\"\r\n  tag: latest\r\n  pullPolicy: IfNotPresent\r\n\r\nenv:\r\n  APP_PORT: \"4102\"\r\n  DB_USER: \"thepetlinks\"\r\n  DB_PASSWORD: \"PeTL!nk@2025$P@ss\"\r\n  DB_HOST: \"postgresql.postgresql.svc.cluster.local\"\r\n  # DB_HOST: \"127.0.0.1\"\r\n  DB_PORT: \"5432\"\r\n  DB_NAME: \"auth_db\"\r\n  DB_SSLMODE: \"disable\"\r\n"
            ],
            "verify": false,
            "version": "1.0.0",
            "wait": true,
            "wait_for_jobs": false
          },
          "sensitive_attributes": [
            [
              {
                "type": "get_attr",
                "value": "repository_password"
              }
            ],
            [
              {
                "type": "get_attr",
                "value": "values"
              },
              {
                "type": "index",
                "value": {
                  "value": 0,
                  "type": "number"
                }
              }
            ]
          ],
          "identity_schema_version": 0,
          "private": "eyJzY2hlbWFfdmVyc2lvbiI6IjEifQ=="
        }
      ]
    },
    {
      "module": "module.minio",
      "mode": "managed",
      "type": "kubernetes_deployment",
      "name": "minio",
      "provider": "provider[\"registry.terraform.io/hashicorp/kubernetes\"]",
      "instances": [
        {
          "schema_version": 1,
          "attributes": {
            "id": "minio/minio",
            "metadata": [
              {
                "annotations": {},
                "generate_name": "",
                "generation": 2,
                "labels": {
                  "app": "minio"
                },
                "name": "minio",
                "namespace": "minio",
                "resource_version": "47871",
                "uid": "92804741-94b3-4e80-9cc1-7f814d2f97a4"
              }
            ],
            "spec": [
              {
                "min_ready_seconds": 0,
                "paused": false,
                "progress_deadline_seconds": 600,
                "replicas": "1",
                "revision_history_limit": 10,
                "selector": [
                  {
                    "match_expressions": [],
                    "match_labels": {
                      "app": "minio"
                    }
                  }
                ],
                "strategy": [
                  {
                    "rolling_update": [
                      {
                        "max_surge": "25%",
                        "max_unavailable": "25%"
                      }
                    ],
                    "type": "RollingUpdate"
                  }
                ],
                "template": [
                  {
                    "metadata": [
                      {
                        "annotations": {},
                        "generate_name": "",
                        "generation": 0,
                        "labels": {
                          "app": "minio"
                        },
                        "name": "",
                        "namespace": "",
                        "resource_version": "",
                        "uid": ""
                      }
                    ],
                    "spec": [
                      {
                        "active_deadline_seconds": 0,
                        "affinity": [],
                        "automount_service_account_token": true,
                        "container": [
                          {
                            "args": [
                              "server",
                              "/data",
                              "--console-address",
                              ":9001"
                            ],
                            "command": [],
                            "env": [
                              {
                                "name": "MINIO_ROOT_USER",
                                "value": "admin",
                                "value_from": []
                              },
                              {
                                "name": "MINIO_ROOT_PASSWORD",
                                "value": "MrInc@2018$PeT",
                                "value_from": []
                              },
                              {
                                "name": "MINIO_BROWSER_REDIRECT_URL",
                                "value": "http://minio-console.petlinks.local",
                                "value_from": []
                              }
                            ],
                            "env_from": [],
                            "image": "minio/minio:RELEASE.2025-07-18T21-56-31Z",
                            "image_pull_policy": "IfNotPresent",
                            "lifecycle": [],
                            "liveness_probe": [],
                            "name": "minio",
                            "port": [
                              {
                                "container_port": 9000,
                                "host_ip": "",
                                "host_port": 0,
                                "name": "api",
                                "protocol": "TCP"
                              },
                              {
                                "container_port": 9001,
                                "host_ip": "",
                                "host_port": 0,
                                "name": "console",
                                "protocol": "TCP"
                              }
                            ],
                            "readiness_probe": [],
                            "resources": [
                              {
                                "limits": {},
                                "requests": {}
                              }
                            ],
                            "restart_policy": "",
                            "security_context": [],
                            "startup_probe": [],
                            "stdin": false,
                            "stdin_once": false,
                            "termination_message_path": "/dev/termination-log",
                            "termination_message_policy": "File",
                            "tty": false,
                            "volume_device": [],
                            "volume_mount": [
                              {
                                "mount_path": "/data",
                                "mount_propagation": "None",
                                "name": "data",
                                "read_only": false,
                                "sub_path": "",
                                "sub_path_expr": ""
                              }
                            ],
                            "working_dir": ""
                          }
                        ],
                        "dns_config": [],
                        "dns_policy": "ClusterFirst",
                        "enable_service_links": true,
                        "host_aliases": [],
                        "host_ipc": false,
                        "host_network": false,
                        "host_pid": false,
                        "hostname": "",
                        "image_pull_secrets": [],
                        "init_container": [],
                        "node_name": "",
                        "node_selector": {},
                        "os": [],
                        "priority_class_name": "",
                        "readiness_gate": [],
                        "restart_policy": "Always",
                        "runtime_class_name": "",
                        "scheduler_name": "default-scheduler",
                        "security_context": [],
                        "service_account_name": "",
                        "share_process_namespace": false,
                        "subdomain": "",
                        "termination_grace_period_seconds": 30,
                        "toleration": [],
                        "topology_spread_constraint": [],
                        "volume": [
                          {
                            "aws_elastic_block_store": [],
                            "azure_disk": [],
                            "azure_file": [],
                            "ceph_fs": [],
                            "cinder": [],
                            "config_map": [],
                            "csi": [],
                            "downward_api": [],
                            "empty_dir": [],
                            "ephemeral": [],
                            "fc": [],
                            "flex_volume": [],
                            "flocker": [],
                            "gce_persistent_disk": [],
                            "git_repo": [],
                            "glusterfs": [],
                            "host_path": [],
                            "iscsi": [],
                            "local": [],
                            "name": "data",
                            "nfs": [],
                            "persistent_volume_claim": [
                              {
                                "claim_name": "minio",
                                "read_only": false
                              }
                            ],
                            "photon_persistent_disk": [],
                            "projected": [],
                            "quobyte": [],
                            "rbd": [],
                            "secret": [],
                            "vsphere_volume": []
                          }
                        ]
                      }
                    ]
                  }
                ]
              }
            ],
            "timeouts": null,
            "wait_for_rollout": true
          },
          "sensitive_attributes": [
            [
              {
                "type": "get_attr",
                "value": "spec"
              },
              {
                "type": "index",
                "value": {
                  "value": 0,
                  "type": "number"
                }
              },
              {
                "type": "get_attr",
                "value": "template"
              },
              {
                "type": "index",
                "value": {
                  "value": 0,
                  "type": "number"
                }
              },
              {
                "type": "get_attr",
                "value": "spec"
              },
              {
                "type": "index",
                "value": {
                  "value": 0,
                  "type": "number"
                }
              },
              {
                "type": "get_attr",
                "value": "container"
              },
              {
                "type": "index",
                "value": {
                  "value": 0,
                  "type": "number"
                }
              },
              {
                "type": "get_attr",
                "value": "env"
              },
              {
                "type": "index",
                "value": {
                  "value": 1,
                  "type": "number"
                }
              },
              {
                "type": "get_attr",
                "value": "value"
              }
            ]
          ],
          "identity_schema_version": 1,
          "identity": {
            "api_version": "apps/v1",
            "kind": "Deployment",
            "name": "minio",
            "namespace": "minio"
          },
          "private": "eyJlMmJmYjczMC1lY2FhLTExZTYtOGY4OC0zNDM2M2JjN2M0YzAiOnsiY3JlYXRlIjo2MDAwMDAwMDAwMDAsImRlbGV0ZSI6NjAwMDAwMDAwMDAwLCJ1cGRhdGUiOjYwMDAwMDAwMDAwMH0sInNjaGVtYV92ZXJzaW9uIjoiMSJ9",
          "dependencies": [
            "module.minio.kubernetes_persistent_volume_claim_v1.minio"
          ]
        }
      ]
    },
    {
      "module": "module.minio",
      "mode": "managed",
      "type": "kubernetes_ingress_v1",
      "name": "console",
      "provider": "provider[\"registry.terraform.io/hashicorp/kubernetes\"]",
      "instances": [
        {
          "schema_version": 0,
          "attributes": {
            "id": "minio/minio-console",
            "metadata": [
              {
                "annotations": {
                  "nginx.ingress.kubernetes.io/proxy-body-size": "0"
                },
                "generate_name": "",
                "generation": 1,
                "labels": {},
                "name": "minio-console",
                "namespace": "minio",
                "resource_version": "48148",
                "uid": "6eeaec54-beb2-4b89-80d8-6657f8ea8baf"
              }
            ],
            "spec": [
              {
                "default_backend": [],
                "ingress_class_name": "nginx",
                "rule": [
                  {
                    "host": "minio-console.petlinks.local",
                    "http": [
                      {
                        "path": [
                          {
                            "backend": [
                              {
                                "resource": [],
                                "service": [
                                  {
                                    "name": "minio",
                                    "port": [
                                      {
                                        "name": "",
                                        "number": 9001
                                      }
                                    ]
                                  }
                                ]
                              }
                            ],
                            "path": "/",
                            "path_type": "Prefix"
                          }
                        ]
                      }
                    ]
                  }
                ],
                "tls": []
              }
            ],
            "status": [
              {
                "load_balancer": [
                  {
                    "ingress": [
                      {
                        "hostname": "",
                        "ip": "172.18.0.5"
                      }
                    ]
                  }
                ]
              }
            ],
            "timeouts": null,
            "wait_for_load_balancer": null
          },
          "sensitive_attributes": [],
          "identity_schema_version": 1,
          "identity": {
            "api_version": "networking.k8s.io/v1",
            "kind": "Ingress",
            "name": "minio-console",
            "namespace": "minio"
          },
          "private": "eyJlMmJmYjczMC1lY2FhLTExZTYtOGY4OC0zNDM2M2JjN2M0YzAiOnsiY3JlYXRlIjoxMjAwMDAwMDAwMDAwLCJkZWxldGUiOjEyMDAwMDAwMDAwMDB9fQ==",
          "dependencies": [
            "module.minio.kubernetes_service.minio"
          ]
        }
      ]
    },
    {
      "module": "module.minio",
      "mode": "managed",
      "type": "kubernetes_persistent_volume_claim_v1",
      "name": "minio",
      "provider": "provider[\"registry.terraform.io/hashicorp/kubernetes\"]",
      "instances": [
        {
          "schema_version": 0,
          "attributes": {
            "id": "minio/minio",
            "metadata": [
              {
                "annotations": {},
                "generate_name": "",
                "generation": 0,
                "labels": {},
                "name": "minio",
                "namespace": "minio",
                "resource_version": "44209",
                "uid": "052fc040-be54-4d89-8a39-0bb5aff9c8cb"
              }
            ],
            "spec": [
              {
                "access_modes": [
                  "ReadWriteOnce"
                ],
                "resources": [
                  {
                    "limits": {},
                    "requests": {
                      "storage": "10Gi"
                    }
                  }
                ],
                "selector": [],
                "storage_class_name": "standard",
                "volume_mode": "Filesystem",
                "volume_name": "pvc-052fc040-be54-4d89-8a39-0bb5aff9c8cb"
              }
            ],
            "timeouts": null,
            "wait_until_bound": false
          },
          "sensitive_attributes": [],
          "identity_schema_version": 0,
          "private": "eyJlMmJmYjczMC1lY2FhLTExZTYtOGY4OC0zNDM2M2JjN2M0YzAiOnsiY3JlYXRlIjozMDAwMDAwMDAwMDB9fQ=="
        }
      ]
    },
    {
      "module": "module.minio",
      "mode": "managed",
      "type": "kubernetes_service",
      "name": "minio",
      "provider": "provider[\"registry.terraform.io/hashicorp/kubernetes\"]",
      "instances": [
        {
          "schema_version": 1,
          "attributes": {
            "id": "minio/minio",
            "metadata": [
              {
                "annotations": {},
                "generate_name": "",
                "generation": 0,
                "labels": {},
                "name": "minio",
                "namespace": "minio",
                "resource_version": "42038",
                "uid": "fb8714f9-e035-48b0-9c01-87bad6ddc9d0"
              }
            ],
            "spec": [
              {
                "allocate_load_balancer_node_ports": true,
                "cluster_ip": "10.96.11.128",
                "cluster_ips": [
                  "10.96.11.128"
                ],
                "external_ips": [],
                "external_name": "",
                "external_traffic_policy": "",
                "health_check_node_port": 0,
                "internal_traffic_policy": "Cluster",
                "ip_families": [
                  "IPv4"
                ],
                "ip_family_policy": "SingleStack",
                "load_balancer_class": "",
                "load_balancer_ip": "",
                "load_balancer_source_ranges": [],
                "port": [
                  {
                    "app_protocol": "",
                    "name": "api",
                    "node_port": 0,
                    "port": 9000,
                    "protocol": "TCP",
                    "target_port": "9000"
                  },
                  {
                    "app_protocol": "",
                    "name": "console",
                    "node_port": 0,
                    "port": 9001,
                    "protocol": "TCP",
                    "target_port": "9001"
                  }
                ],
                "publish_not_ready_addresses": false,
                "selector": {
                  "app": "minio"
                },
                "session_affinity": "None",
                "session_affinity_config": [],
                "type": "ClusterIP"
              }
            ],
            "status": [
              {
                "load_balancer": [
                  {
                    "ingress": []
                  }
                ]
              }
            ],
            "timeouts": null,
            "wait_for_load_balancer": true
          },
          "sensitive_attributes": [],
          "identity_schema_version": 1,
          "identity": {
            "api_version": "v1",
            "kind": "Service",
            "name": "minio",
            "namespace": "minio"
          },
          "private": "eyJlMmJmYjczMC1lY2FhLTExZTYtOGY4OC0zNDM2M2JjN2M0YzAiOnsiY3JlYXRlIjo2MDAwMDAwMDAwMDB9LCJzY2hlbWFfdmVyc2lvbiI6IjEifQ=="
        }
      ]
    },
    {
      "module": "module.plan_service",
      "mode": "managed",
      "type": "helm_release",
      "name": "plan_service",
      "provider": "provider[\"registry.terraform.io/hashicorp/helm\"]",
      "instances": [
        {
          "schema_version": 1,
          "attributes": {
            "atomic": true,
            "chart": "../../helm-charts/plan-service",
            "cleanup_on_fail": true,
            "create_namespace": true,
            "dependency_update": false,
            "description": null,
            "devel": null,
            "disable_crd_hooks": false,
            "disable_openapi_validation": false,
            "disable_webhooks": false,
            "force_update": false,
            "id": "plan-service",
            "keyring": null,
            "lint": false,
            "manifest": null,
            "max_history": 0,
            "metadata": [
              {
                "app_version": "1.0",
                "chart": "plan-service",
                "first_deployed": 1769796283,
                "last_deployed": 1769796283,
                "name": "plan-service",
                "namespace": "petlinks-dev",
                "notes": "",
                "revision": 1,
                "values": "{\"env\":{\"APP_PORT\":\"4103\",\"DB_HOST\":\"postgresql.postgresql.svc.cluster.local\",\"DB_NAME\":\"plan_db\",\"DB_PASSWORD\":\"PeTL!nk@2025$P@ss\",\"DB_PORT\":\"5432\",\"DB_SSLMODE\":\"disable\",\"DB_USER\":\"thepetlinks\"},\"image\":{\"pullPolicy\":\"IfNotPresent\",\"repository\":\"plan-service\",\"tag\":\"latest\"}}",
                "version": "1.0.0"
              }
            ],
            "name": "plan-service",
            "namespace": "petlinks-dev",
            "pass_credentials": false,
            "postrender": [],
            "recreate_pods": false,
            "render_subchart_notes": true,
            "replace": false,
            "repository": null,
            "repository_ca_file": null,
            "repository_cert_file": null,
            "repository_key_file": null,
            "repository_password": null,
            "repository_username": null,
            "reset_values": false,
            "reuse_values": false,
            "set": [],
            "set_list": [],
            "set_sensitive": [],
            "skip_crds": false,
            "status": "deployed",
            "timeout": 300,
            "values": [
              "image:\r\n  repository: \"plan-service\"\r\n  tag: latest\r\n  pullPolicy: IfNotPresent\r\n\r\nenv:\r\n  APP_PORT: \"4103\"\r\n  DB_USER: \"thepetlinks\"\r\n  DB_PASSWORD: \"PeTL!nk@2025$P@ss\"\r\n  DB_HOST: \"postgresql.postgresql.svc.cluster.local\"\r\n  # DB_HOST: \"127.0.0.1\"\r\n  DB_PORT: \"5432\"\r\n  DB_NAME: \"plan_db\"\r\n  DB_SSLMODE: \"disable\"\r\n"
            ],
            "verify": false,
            "version": "1.0.0",
            "wait": true,
            "wait_for_jobs": false
          },
          "sensitive_attributes": [
            [
              {
                "type": "get_attr",
                "value": "repository_password"
              }
            ],
            [
              {
                "type": "get_attr",
                "value": "values"
              },
              {
                "type": "index",
                "value": {
                  "value": 0,
                  "type": "number"
                }
              }
            ]
          ],
          "identity_schema_version": 0,
          "private": "eyJzY2hlbWFfdmVyc2lvbiI6IjEifQ=="
        }
      ]
    },
    {
      "module": "module.postgresql",
      "mode": "managed",
      "type": "helm_release",
      "name": "postgresql",
      "provider": "provider[\"registry.terraform.io/hashicorp/helm\"]",
      "instances": [
        {
          "schema_version": 1,
          "attributes": {
            "atomic": true,
            "chart": "../../modules/postgresql/charts/postgresql",
            "cleanup_on_fail": false,
            "create_namespace": true,
            "dependency_update": false,
            "description": null,
            "devel": null,
            "disable_crd_hooks": false,
            "disable_openapi_validation": false,
            "disable_webhooks": false,
            "force_update": false,
            "id": "postgresql",
            "keyring": null,
            "lint": false,
            "manifest": null,
            "max_history": 0,
            "metadata": [
              {
                "app_version": "18.1.0",
                "chart": "postgresql",
                "first_deployed": 1769765156,
                "last_deployed": 1769765156,
                "name": "postgresql",
                "namespace": "postgresql",
                "notes": "\nCHART NAME: postgresql\nCHART VERSION: 18.2.3\nAPP VERSION: 18.1.0\n\n⚠ WARNING: Since August 28th, 2025, only a limited subset of images/charts are available for free.\n    Subscribe to Bitnami Secure Images to receive continued support and security updates.\n    More info at https://bitnami.com and https://github.com/bitnami/containers/issues/83267\n\n** Please be patient while the chart is being deployed **\n\nPostgreSQL can be accessed via port 5432 on the following DNS names from within your cluster:\n\n    postgresql.postgresql.svc.cluster.local - Read/Write connection\n\nTo get the password for \"postgres\" run:\n\n    export POSTGRES_ADMIN_PASSWORD=$(kubectl get secret --namespace postgresql postgresql -o jsonpath=\"{.data.postgres-password}\" | base64 -d)\n\nTo get the password for \"thepetlinks\" run:\n\n    export POSTGRES_PASSWORD=$(kubectl get secret --namespace postgresql postgresql -o jsonpath=\"{.data.password}\" | base64 -d)\n\nTo connect to your database run the following command:\n\n    kubectl run postgresql-client --rm --tty -i --restart='Never' --namespace postgresql --image registry-1.docker.io/bitnami/postgresql:latest --env=\"PGPASSWORD=$POSTGRES_PASSWORD\" \\\n      --command -- psql --host postgresql -U thepetlinks -d thepetlinksdb -p 5432\n\n    \u003e NOTE: If you access the container using bash, make sure that you execute \"/opt/bitnami/scripts/postgresql/entrypoint.sh /bin/bash\" in order to avoid the error \"psql: local user with ID 1001} does not exist\"\n\nTo connect to your database from outside the cluster execute the following commands:\n\n    kubectl port-forward --namespace postgresql svc/postgresql 5432:5432 \u0026\n    PGPASSWORD=\"$POSTGRES_PASSWORD\" psql --host 127.0.0.1 -U thepetlinks -d thepetlinksdb -p 5432\n\nWARNING: The configured password will be ignored on new installation in case when previous PostgreSQL release was deleted through the helm command. In that case, old PVC will have an old password, and setting it through helm won't take effect. Deleting persistent volumes (PVs) will solve the issue.\nWARNING: Rolling tag detected (bitnami/postgresql:latest), please note that it is strongly recommended to avoid using rolling tags in a production environment.\n+info https://techdocs.broadcom.com/us/en/vmware-tanzu/application-catalog/tanzu-application-catalog/services/tac-doc/apps-tutorials-understand-rolling-tags-containers-index.html\nWARNING: Rolling tag detected (bitnami/os-shell:latest), please note that it is strongly recommended to avoid using rolling tags in a production environment.\n+info https://techdocs.broadcom.com/us/en/vmware-tanzu/application-catalog/tanzu-application-catalog/services/tac-doc/apps-tutorials-understand-rolling-tags-containers-index.html\n\nWARNING: There are \"resources\" sections in the chart not set. Using \"resourcesPreset\" is not recommended for production. For production installations, please set the following values according to your workload needs:\n  - primary.resources\n  - readReplicas.resources\n+info https://kubernetes.io/docs/concepts/configuration/manage-resources-containers/\n",
                "revision": 1,
                "values": "{\"global\":{\"postgresql\":{\"auth\":{\"database\":\"thepetlinksdb\",\"password\":\"PeTL!nk@2025$P@ss\",\"postgresPassword\":\"MrInc@2018$PeT\",\"username\":\"thepetlinks\"}}},\"primary\":{\"persistence\":{\"enabled\":true,\"size\":\"10Gi\"}},\"service\":{\"port\":5432,\"type\":\"ClusterIP\"}}",
                "version": "18.2.3"
              }
            ],
            "name": "postgresql",
            "namespace": "postgresql",
            "pass_credentials": false,
            "postrender": [],
            "recreate_pods": false,
            "render_subchart_notes": true,
            "replace": false,
            "repository": null,
            "repository_ca_file": null,
            "repository_cert_file": null,
            "repository_key_file": null,
            "repository_password": null,
            "repository_username": null,
            "reset_values": false,
            "reuse_values": false,
            "set": [],
            "set_list": [],
            "set_sensitive": [],
            "skip_crds": false,
            "status": "deployed",
            "timeout": 600,
            "values": [
              "\"global\":\n  \"postgresql\":\n    \"auth\":\n      \"database\": \"thepetlinksdb\"\n      \"password\": \"PeTL!nk@2025$P@ss\"\n      \"postgresPassword\": \"MrInc@2018$PeT\"\n      \"username\": \"thepetlinks\"\n\"primary\":\n  \"persistence\":\n    \"enabled\": true\n    \"size\": \"10Gi\"\n\"service\":\n  \"port\": 5432\n  \"type\": \"ClusterIP\"\n"
            ],
            "verify": false,
            "version": "18.2.3",
            "wait": true,
            "wait_for_jobs": false
          },
          "sensitive_attributes": [
            [
              {
                "type": "get_attr",
                "value": "repository_password"
              }
            ],
            [
              {
                "type": "get_attr",
                "value": "values"
              },
              {
                "type": "index",
                "value": {
                  "value": 0,
                  "type": "number"
                }
              }
            ]
          ],
          "identity_schema_version": 0,
          "private": "eyJzY2hlbWFfdmVyc2lvbiI6IjEifQ=="
        }
      ]
    },
    {
      "module": "module.redis",
      "mode": "managed",
      "type": "helm_release",
      "name": "redis",
      "provider": "provider[\"registry.terraform.io/hashicorp/helm\"]",
      "instances": [
        {
          "schema_version": 1,
          "attributes": {
            "atomic": false,
            "chart": "redis",
            "cleanup_on_fail": false,
            "create_namespace": false,
            "dependency_update": false,
            "description": null,
            "devel": null,
            "disable_crd_hooks": false,
            "disable_openapi_validation": false,
            "disable_webhooks": false,
            "force_update": false,
            "id": "redis",
            "keyring": null,
            "lint": false,
            "manifest": null,
            "max_history": 0,
            "metadata": [
              {
                "app_version": "7.2.5",
                "chart": "redis",
                "first_deployed": 1769767775,
                "last_deployed": 1769767775,
                "name": "redis",
                "namespace": "redis",
                "notes": "CHART NAME: redis\nCHART VERSION: 19.5.2\nAPP VERSION: 7.2.5\n\n** Please be patient while the chart is being deployed **\n\nRedis\u0026reg; can be accessed via port 6379 on the following DNS name from within your cluster:\n\n    redis-master.redis.svc.cluster.local\n\n\n\nTo get your password run:\n\n    export REDIS_PASSWORD=$(kubectl get secret --namespace redis redis -o jsonpath=\"{.data.redis-password}\" | base64 -d)\n\nTo connect to your Redis\u0026reg; server:\n\n1. Run a Redis\u0026reg; pod that you can use as a client:\n\n   kubectl run --namespace redis redis-client --restart='Never'  --env REDIS_PASSWORD=$REDIS_PASSWORD  --image docker.io/bitnamilegacy/redis:7.2.5 --command -- sleep infinity\n\n   Use the following command to attach to the pod:\n\n   kubectl exec --tty -i redis-client \\\n   --namespace redis -- bash\n\n2. Connect using the Redis\u0026reg; CLI:\n   REDISCLI_AUTH=\"$REDIS_PASSWORD\" redis-cli -h redis-master\n\nTo connect to your database from outside the cluster execute the following commands:\n\n    kubectl port-forward --namespace redis svc/redis-master 6379:6379 \u0026\n    REDISCLI_AUTH=\"$REDIS_PASSWORD\" redis-cli -h 127.0.0.1 -p 6379\n\nWARNING: There are \"resources\" sections in the chart not set. Using \"resourcesPreset\" is not recommended for production. For production installations, please set the following values according to your workload needs:\n  - replica.resources\n  - master.resources\n+info https://kubernetes.io/docs/concepts/configuration/manage-resources-containers/\n\n⚠ SECURITY WARNING: Original containers have been substituted. This Helm chart was designed, tested, and validated on multiple platforms using a specific set of Bitnami and Tanzu Application Catalog containers. Substituting other containers is likely to cause degraded security and performance, broken chart features, and missing environment variables.\n\nSubstituted images detected:\n  - docker.io/bitnamilegacy/redis:7.2.5",
                "revision": 1,
                "values": "{\"architecture\":\"standalone\",\"auth\":{\"enabled\":true,\"password\":\"MrInc@2018$PeT\"},\"image\":{\"pullPolicy\":\"Always\",\"registry\":\"docker.io\",\"repository\":\"bitnamilegacy/redis\",\"tag\":\"7.2.5\"},\"master\":{\"persistence\":{\"enabled\":true,\"size\":\"5Gi\"}}}",
                "version": "19.5.2"
              }
            ],
            "name": "redis",
            "namespace": "redis",
            "pass_credentials": false,
            "postrender": [],
            "recreate_pods": false,
            "render_subchart_notes": true,
            "replace": false,
            "repository": "https://charts.bitnami.com/bitnami",
            "repository_ca_file": null,
            "repository_cert_file": null,
            "repository_key_file": null,
            "repository_password": null,
            "repository_username": null,
            "reset_values": false,
            "reuse_values": false,
            "set": [],
            "set_list": [],
            "set_sensitive": [],
            "skip_crds": false,
            "status": "deployed",
            "timeout": 300,
            "values": [
              "\"architecture\": \"standalone\"\n\"auth\":\n  \"enabled\": true\n  \"password\": \"MrInc@2018$PeT\"\n\"image\":\n  \"pullPolicy\": \"Always\"\n  \"registry\": \"docker.io\"\n  \"repository\": \"bitnamilegacy/redis\"\n  \"tag\": \"7.2.5\"\n\"master\":\n  \"persistence\":\n    \"enabled\": true\n    \"size\": \"5Gi\"\n"
            ],
            "verify": false,
            "version": "19.5.2",
            "wait": true,
            "wait_for_jobs": false
          },
          "sensitive_attributes": [
            [
              {
                "type": "get_attr",
                "value": "repository_password"
              }
            ],
            [
              {
                "type": "get_attr",
                "value": "values"
              },
              {
                "type": "index",
                "value": {
                  "value": 0,
                  "type": "number"
                }
              }
            ]
          ],
          "identity_schema_version": 0,
          "private": "eyJzY2hlbWFfdmVyc2lvbiI6IjEifQ==",
          "dependencies": [
            "module.redis.kubernetes_namespace.redis"
          ]
        }
      ]
    },
    {
      "module": "module.redis",
      "mode": "managed",
      "type": "kubernetes_namespace",
      "name": "redis",
      "provider": "provider[\"registry.terraform.io/hashicorp/kubernetes\"]",
      "instances": [
        {
          "schema_version": 0,
          "attributes": {
            "id": "redis",
            "metadata": [
              {
                "annotations": {},
                "generate_name": "",
                "generation": 0,
                "labels": {},
                "name": "redis",
                "resource_version": "4044",
                "uid": "f71f9b5b-5a7e-43f5-929d-435a35c5e4df"
              }
            ],
            "timeouts": null,
            "wait_for_default_service_account": false
          },
          "sensitive_attributes": [],
          "identity_schema_version": 1,
          "identity": {
            "api_version": "v1",
            "kind": "Namespace",
            "name": "redis"
          },
          "private": "eyJlMmJmYjczMC1lY2FhLTExZTYtOGY4OC0zNDM2M2JjN2M0YzAiOnsiZGVsZXRlIjozMDAwMDAwMDAwMDB9fQ=="
        }
      ]
    },
    {
      "module": "module.role_service",
      "mode": "managed",
      "type": "helm_release",
      "name": "role_service",
      "provider": "provider[\"registry.terraform.io/hashicorp/helm\"]",
      "instances": [
        {
          "schema_version": 1,
          "attributes": {
            "atomic": true,
            "chart": "../../helm-charts/role-service",
            "cleanup_on_fail": true,
            "create_namespace": true,
            "dependency_update": false,
            "description": null,
            "devel": null,
            "disable_crd_hooks": false,
            "disable_openapi_validation": false,
            "disable_webhooks": false,
            "force_update": false,
            "id": "role-service",
            "keyring": null,
            "lint": false,
            "manifest": null,
            "max_history": 0,
            "metadata": [
              {
                "app_version": "1.0",
                "chart": "role-service",
                "first_deployed": 1769796283,
                "last_deployed": 1769796427,
                "name": "role-service",
                "namespace": "petlinks-dev",
                "notes": "",
                "revision": 2,
                "values": "{\"env\":{\"APP_PORT\":\"4101\",\"DB_HOST\":\"postgresql.postgresql.svc.cluster.local\",\"DB_NAME\":\"access_db\",\"DB_PASSWORD\":\"PeTL!nk@2025$P@ss\",\"DB_PORT\":\"5432\",\"DB_SSLMODE\":\"disable\",\"DB_USER\":\"thepetlinks\"},\"image\":{\"pullPolicy\":\"IfNotPresent\",\"repository\":\"role-service\",\"tag\":\"latest\"}}",
                "version": "1.0.0"
              }
            ],
            "name": "role-service",
            "namespace": "petlinks-dev",
            "pass_credentials": false,
            "postrender": [],
            "recreate_pods": false,
            "render_subchart_notes": true,
            "replace": false,
            "repository": null,
            "repository_ca_file": null,
            "repository_cert_file": null,
            "repository_key_file": null,
            "repository_password": null,
            "repository_username": null,
            "reset_values": false,
            "reuse_values": false,
            "set": [],
            "set_list": [],
            "set_sensitive": [],
            "skip_crds": false,
            "status": "deployed",
            "timeout": 300,
            "values": [
              "image:\r\n  repository: role-service\r\n  tag: latest\r\n  pullPolicy: IfNotPresent\r\n\r\nenv:\r\n  APP_PORT: \"4101\"\r\n  DB_USER: \"thepetlinks\"\r\n  DB_PASSWORD: \"PeTL!nk@2025$P@ss\"\r\n  DB_HOST: \"postgresql.postgresql.svc.cluster.local\"\r\n  # DB_HOST: \"127.0.0.1\"\r\n  DB_PORT: \"5432\"\r\n  DB_NAME: \"access_db\"\r\n  DB_SSLMODE: \"disable\"\r\n"
            ],
            "verify": false,
            "version": "1.0.0",
            "wait": true,
            "wait_for_jobs": false
          },
          "sensitive_attributes": [
            [
              {
                "type": "get_attr",
                "value": "repository_password"
              }
            ],
            [
              {
                "type": "get_attr",
                "value": "values"
              },
              {
                "type": "index",
                "value": {
                  "value": 0,
                  "type": "number"
                }
              }
            ]
          ],
          "identity_schema_version": 0,
          "private": "eyJzY2hlbWFfdmVyc2lvbiI6IjEifQ=="
        }
      ]
    }
  ],
  "check_results": null
}
